// !$*UTF8*$!
{
	archiveVersion = 1;
	classes = {
	};
	objectVersion = 50;
	objects = {

/* Begin PBXBuildFile section */
		D6352F2505B23079B9E5B79A /* Pods_BitcoinPriceTracker.framework in Frameworks */ = {isa = PBXBuildFile; fileRef = 22918E9A1E80335C96B1279A /* Pods_BitcoinPriceTracker.framework */; };
		DC30C82D229EB03F003090AD /* AppDelegate.swift in Sources */ = {isa = PBXBuildFile; fileRef = DC30C82C229EB03F003090AD /* AppDelegate.swift */; };
		DC30C82F229EB03F003090AD /* ViewController.swift in Sources */ = {isa = PBXBuildFile; fileRef = DC30C82E229EB03F003090AD /* ViewController.swift */; };
		DC30C832229EB03F003090AD /* Main.storyboard in Resources */ = {isa = PBXBuildFile; fileRef = DC30C830229EB03F003090AD /* Main.storyboard */; };
		DC30C834229EB042003090AD /* Assets.xcassets in Resources */ = {isa = PBXBuildFile; fileRef = DC30C833229EB042003090AD /* Assets.xcassets */; };
		DC30C837229EB042003090AD /* LaunchScreen.storyboard in Resources */ = {isa = PBXBuildFile; fileRef = DC30C835229EB042003090AD /* LaunchScreen.storyboard */; };
/* End PBXBuildFile section */

/* Begin PBXFileReference section */
		22918E9A1E80335C96B1279A /* Pods_BitcoinPriceTracker.framework */ = {isa = PBXFileReference; explicitFileType = wrapper.framework; includeInIndex = 0; path = Pods_BitcoinPriceTracker.framework; sourceTree = BUILT_PRODUCTS_DIR; };
		2A7B6C6341D79C55C0C71D4D /* Pods-BitcoinPriceTracker.debug.xcconfig */ = {isa = PBXFileReference; includeInIndex = 1; lastKnownFileType = text.xcconfig; name = "Pods-BitcoinPriceTracker.debug.xcconfig"; path = "Target Support Files/Pods-BitcoinPriceTracker/Pods-BitcoinPriceTracker.debug.xcconfig"; sourceTree = "<group>"; };
		CF1863FD3DE207668837640E /* Pods-BitcoinPriceTracker.release.xcconfig */ = {isa = PBXFileReference; includeInIndex = 1; lastKnownFileType = text.xcconfig; name = "Pods-BitcoinPriceTracker.release.xcconfig"; path = "Target Support Files/Pods-BitcoinPriceTracker/Pods-BitcoinPriceTracker.release.xcconfig"; sourceTree = "<group>"; };
		DC30C829229EB03F003090AD /* BitcoinPriceTracker.app */ = {isa = PBXFileReference; explicitFileType = wrapper.application; includeInIndex = 0; path = BitcoinPriceTracker.app; sourceTree = BUILT_PRODUCTS_DIR; };
		DC30C82C229EB03F003090AD /* AppDelegate.swift */ = {isa = PBXFileReference; lastKnownFileType = sourcecode.swift; path = AppDelegate.swift; sourceTree = "<group>"; };
		DC30C82E229EB03F003090AD /* ViewController.swift */ = {isa = PBXFileReference; lastKnownFileType = sourcecode.swift; path = ViewController.swift; sourceTree = "<group>"; };
		DC30C831229EB03F003090AD /* Base */ = {isa = PBXFileReference; lastKnownFileType = file.storyboard; name = Base; path = Base.lproj/Main.storyboard; sourceTree = "<group>"; };
		DC30C833229EB042003090AD /* Assets.xcassets */ = {isa = PBXFileReference; lastKnownFileType = folder.assetcatalog; path = Assets.xcassets; sourceTree = "<group>"; };
		DC30C836229EB042003090AD /* Base */ = {isa = PBXFileReference; lastKnownFileType = file.storyboard; name = Base; path = Base.lproj/LaunchScreen.storyboard; sourceTree = "<group>"; };
		DC30C838229EB042003090AD /* Info.plist */ = {isa = PBXFileReference; lastKnownFileType = text.plist.xml; path = Info.plist; sourceTree = "<group>"; };
/* End PBXFileReference section */

/* Begin PBXFrameworksBuildPhase section */
		DC30C826229EB03F003090AD /* Frameworks */ = {
			isa = PBXFrameworksBuildPhase;
			buildActionMask = 2147483647;
			files = (
				D6352F2505B23079B9E5B79A /* Pods_BitcoinPriceTracker.framework in Frameworks */,
			);
			runOnlyForDeploymentPostprocessing = 0;
		};
/* End PBXFrameworksBuildPhase section */

/* Begin PBXGroup section */
		2707AEDA649E5BC06467CB48 /* Frameworks */ = {
			isa = PBXGroup;
			children = (
				22918E9A1E80335C96B1279A /* Pods_BitcoinPriceTracker.framework */,
			);
			name = Frameworks;
			sourceTree = "<group>";
		};
		DC30C820229EB03F003090AD = {
			isa = PBXGroup;
			children = (
				DC30C82B229EB03F003090AD /* BitcoinPriceTracker */,
				DC30C82A229EB03F003090AD /* Products */,
				EF2748E8014948935E0251DD /* Pods */,
				2707AEDA649E5BC06467CB48 /* Frameworks */,
			);
			sourceTree = "<group>";
		};
		DC30C82A229EB03F003090AD /* Products */ = {
			isa = PBXGroup;
			children = (
				DC30C829229EB03F003090AD /* BitcoinPriceTracker.app */,
			);
			name = Products;
			sourceTree = "<group>";
		};
		DC30C82B229EB03F003090AD /* BitcoinPriceTracker */ = {
			isa = PBXGroup;
			children = (
				DC30C82C229EB03F003090AD /* AppDelegate.swift */,
				DC30C82E229EB03F003090AD /* ViewController.swift */,
				DC30C830229EB03F003090AD /* Main.storyboard */,
				DC30C833229EB042003090AD /* Assets.xcassets */,
				DC30C835229EB042003090AD /* LaunchScreen.storyboard */,
				DC30C838229EB042003090AD /* Info.plist */,
			);
			path = BitcoinPriceTracker;
			sourceTree = "<group>";
		};
		EF2748E8014948935E0251DD /* Pods */ = {
			isa = PBXGroup;
			children = (
				2A7B6C6341D79C55C0C71D4D /* Pods-BitcoinPriceTracker.debug.xcconfig */,
				CF1863FD3DE207668837640E /* Pods-BitcoinPriceTracker.release.xcconfig */,
			);
			name = Pods;
			path = Pods;
			sourceTree = "<group>";
		};
/* End PBXGroup section */

/* Begin PBXNativeTarget section */
		DC30C828229EB03F003090AD /* BitcoinPriceTracker */ = {
			isa = PBXNativeTarget;
			buildConfigurationList = DC30C83B229EB042003090AD /* Build configuration list for PBXNativeTarget "BitcoinPriceTracker" */;
			buildPhases = (
				9AB5230E0F38E2C5E072D3DB /* [CP] Check Pods Manifest.lock */,
				DC30C825229EB03F003090AD /* Sources */,
				DC30C826229EB03F003090AD /* Frameworks */,
				DC30C827229EB03F003090AD /* Resources */,
				1C6518D8DE71687BB5FDE548 /* [CP] Embed Pods Frameworks */,
			);
			buildRules = (
			);
			dependencies = (
			);
			name = BitcoinPriceTracker;
			productName = BitcoinPriceTracker;
			productReference = DC30C829229EB03F003090AD /* BitcoinPriceTracker.app */;
			productType = "com.apple.product-type.application";
		};
/* End PBXNativeTarget section */

/* Begin PBXProject section */
		DC30C821229EB03F003090AD /* Project object */ = {
			isa = PBXProject;
			attributes = {
				LastSwiftUpdateCheck = 1010;
				LastUpgradeCheck = 1010;
				ORGANIZATIONNAME = "Marija Janeckaitė";
				TargetAttributes = {
					DC30C828229EB03F003090AD = {
						CreatedOnToolsVersion = 10.1;
					};
				};
			};
			buildConfigurationList = DC30C824229EB03F003090AD /* Build configuration list for PBXProject "BitcoinPriceTracker" */;
			compatibilityVersion = "Xcode 9.3";
			developmentRegion = en;
			hasScannedForEncodings = 0;
			knownRegions = (
				en,
				Base,
			);
			mainGroup = DC30C820229EB03F003090AD;
			productRefGroup = DC30C82A229EB03F003090AD /* Products */;
			projectDirPath = "";
			projectRoot = "";
			targets = (
				DC30C828229EB03F003090AD /* BitcoinPriceTracker */,
			);
		};
/* End PBXProject section */

/* Begin PBXResourcesBuildPhase section */
		DC30C827229EB03F003090AD /* Resources */ = {
			isa = PBXResourcesBuildPhase;
			buildActionMask = 2147483647;
			files = (
				DC30C837229EB042003090AD /* LaunchScreen.storyboard in Resources */,
				DC30C834229EB042003090AD /* Assets.xcassets in Resources */,
				DC30C832229EB03F003090AD /* Main.storyboard in Resources */,
			);
			runOnlyForDeploymentPostprocessing = 0;
		};
/* End PBXResourcesBuildPhase section */

/* Begin PBXShellScriptBuildPhase section */
		1C6518D8DE71687BB5FDE548 /* [CP] Embed Pods Frameworks */ = {
			isa = PBXShellScriptBuildPhase;
			buildActionMask = 2147483647;
			files = (
			);
			inputFileListPaths = (
			);
			inputPaths = (
				"${PODS_ROOT}/Target Support Files/Pods-BitcoinPriceTracker/Pods-BitcoinPriceTracker-frameworks.sh",
				"${BUILT_PRODUCTS_DIR}/Alamofire/Alamofire.framework",
				"${BUILT_PRODUCTS_DIR}/SwiftyJSON/SwiftyJSON.framework",
			);
			name = "[CP] Embed Pods Frameworks";
			outputFileListPaths = (
			);
			outputPaths = (
				"${TARGET_BUILD_DIR}/${FRAMEWORKS_FOLDER_PATH}/Alamofire.framework",
				"${TARGET_BUILD_DIR}/${FRAMEWORKS_FOLDER_PATH}/SwiftyJSON.framework",
			);
			runOnlyForDeploymentPostprocessing = 0;
			shellPath = /bin/sh;
			shellScript = "\"${PODS_ROOT}/Target Support Files/Pods-BitcoinPriceTracker/Pods-BitcoinPriceTracker-frameworks.sh\"\n";
			showEnvVarsInLog = 0;
		};
		9AB5230E0F38E2C5E072D3DB /* [CP] Check Pods Manifest.lock */ = {
			isa = PBXShellScriptBuildPhase;
			buildActionMask = 2147483647;
			files = (
			);
			inputFileListPaths = (
			);
			inputPaths = (
				"${PODS_PODFILE_DIR_PATH}/Podfile.lock",
				"${PODS_ROOT}/Manifest.lock",
			);
			name = "[CP] Check Pods Manifest.lock";
			outputFileListPaths = (
			);
			outputPaths = (
				"$(DERIVED_FILE_DIR)/Pods-BitcoinPriceTracker-checkManifestLockResult.txt",
			);
			runOnlyForDeploymentPostprocessing = 0;
			shellPath = /bin/sh;
			shellScript = "diff \"${PODS_PODFILE_DIR_PATH}/Podfile.lock\" \"${PODS_ROOT}/Manifest.lock\" > /dev/null\nif [ $? != 0 ] ; then\n    # print error to STDERR\n    echo \"error: The sandbox is not in sync with the Podfile.lock. Run 'pod install' or update your CocoaPods installation.\" >&2\n    exit 1\nfi\n# This output is used by Xcode 'outputs' to avoid re-running this script phase.\necho \"SUCCESS\" > \"${SCRIPT_OUTPUT_FILE_0}\"\n";
			showEnvVarsInLog = 0;
		};
/* End PBXShellScriptBuildPhase section */

/* Begin PBXSourcesBuildPhase section */
		DC30C825229EB03F003090AD /* Sources */ = {
			isa = PBXSourcesBuildPhase;
			buildActionMask = 2147483647;
			files = (
				DC30C82F229EB03F003090AD /* ViewController.swift in Sources */,
				DC30C82D229EB03F003090AD /* AppDelegate.swift in Sources */,
			);
			runOnlyForDeploymentPostprocessing = 0;
		};
/* End PBXSourcesBuildPhase section */

/* Begin PBXVariantGroup section */
		DC30C830229EB03F003090AD /* Main.storyboard */ = {
			isa = PBXVariantGroup;
			children = (
				DC30C831229EB03F003090AD /* Base */,
			);
			name = Main.storyboard;
			sourceTree = "<group>";
		};
		DC30C835229EB042003090AD /* LaunchScreen.storyboard */ = {
			isa = PBXVariantGroup;
			children = (
				DC30C836229EB042003090AD /* Base */,
			);
			name = LaunchScreen.storyboard;
			sourceTree = "<group>";
		};
/* End PBXVariantGroup section */

/* Begin XCBuildConfiguration section */
		DC30C839229EB042003090AD /* Debug */ = {
			isa = XCBuildConfiguration;
			buildSettings = {
				ALWAYS_SEARCH_USER_PATHS = NO;
				CLANG_ANALYZER_NONNULL = YES;
				CLANG_ANALYZER_NUMBER_OBJECT_CONVERSION = YES_AGGRESSIVE;
				CLANG_CXX_LANGUAGE_STANDARD = "gnu++14";
				CLANG_CXX_LIBRARY = "libc++";
				CLANG_ENABLE_MODULES = YES;
				CLANG_ENABLE_OBJC_ARC = YES;
				CLANG_ENABLE_OBJC_WEAK = YES;
				CLANG_WARN_BLOCK_CAPTURE_AUTORELEASING = YES;
				CLANG_WARN_BOOL_CONVERSION = YES;
				CLANG_WARN_COMMA = YES;
				CLANG_WARN_CONSTANT_CONVERSION = YES;
				CLANG_WARN_DEPRECATED_OBJC_IMPLEMENTATIONS = YES;
				CLANG_WARN_DIRECT_OBJC_ISA_USAGE = YES_ERROR;
				CLANG_WARN_DOCUMENTATION_COMMENTS = YES;
				CLANG_WARN_EMPTY_BODY = YES;
				CLANG_WARN_ENUM_CONVERSION = YES;
				CLANG_WARN_INFINITE_RECURSION = YES;
				CLANG_WARN_INT_CONVERSION = YES;
				CLANG_WARN_NON_LITERAL_NULL_CONVERSION = YES;
				CLANG_WARN_OBJC_IMPLICIT_RETAIN_SELF = YES;
				CLANG_WARN_OBJC_LITERAL_CONVERSION = YES;
				CLANG_WARN_OBJC_ROOT_CLASS = YES_ERROR;
				CLANG_WARN_RANGE_LOOP_ANALYSIS = YES;
				CLANG_WARN_STRICT_PROTOTYPES = YES;
				CLANG_WARN_SUSPICIOUS_MOVE = YES;
				CLANG_WARN_UNGUARDED_AVAILABILITY = YES_AGGRESSIVE;
				CLANG_WARN_UNREACHABLE_CODE = YES;
				CLANG_WARN__DUPLICATE_METHOD_MATCH = YES;
				CODE_SIGN_IDENTITY = "iPhone Developer";
				COPY_PHASE_STRIP = NO;
				DEBUG_INFORMATION_FORMAT = dwarf;
				ENABLE_STRICT_OBJC_MSGSEND = YES;
				ENABLE_TESTABILITY = YES;
				GCC_C_LANGUAGE_STANDARD = gnu11;
				GCC_DYNAMIC_NO_PIC = NO;
				GCC_NO_COMMON_BLOCKS = YES;
				GCC_OPTIMIZATION_LEVEL = 0;
				GCC_PREPROCESSOR_DEFINITIONS = (
					"DEBUG=1",
					"$(inherited)",
				);
				GCC_WARN_64_TO_32_BIT_CONVERSION = YES;
				GCC_WARN_ABOUT_RETURN_TYPE = YES_ERROR;
				GCC_WARN_UNDECLARED_SELECTOR = YES;
				GCC_WARN_UNINITIALIZED_AUTOS = YES_AGGRESSIVE;
				GCC_WARN_UNUSED_FUNCTION = YES;
				GCC_WARN_UNUSED_VARIABLE = YES;
				IPHONEOS_DEPLOYMENT_TARGET = 12.1;
				MTL_ENABLE_DEBUG_INFO = INCLUDE_SOURCE;
				MTL_FAST_MATH = YES;
				ONLY_ACTIVE_ARCH = YES;
				SDKROOT = iphoneos;
				SWIFT_ACTIVE_COMPILATION_CONDITIONS = DEBUG;
				SWIFT_OPTIMIZATION_LEVEL = "-Onone";
			};
			name = Debug;
		};
		DC30C83A229EB042003090AD /* Release */ = {
			isa = XCBuildConfiguration;
			buildSettings = {
				ALWAYS_SEARCH_USER_PATHS = NO;
				CLANG_ANALYZER_NONNULL = YES;
				CLANG_ANALYZER_NUMBER_OBJECT_CONVERSION = YES_AGGRESSIVE;
				CLANG_CXX_LANGUAGE_STANDARD = "gnu++14";
				CLANG_CXX_LIBRARY = "libc++";
				CLANG_ENABLE_MODULES = YES;
				CLANG_ENABLE_OBJC_ARC = YES;
				CLANG_ENABLE_OBJC_WEAK = YES;
				CLANG_WARN_BLOCK_CAPTURE_AUTORELEASING = YES;
				CLANG_WARN_BOOL_CONVERSION = YES;
				CLANG_WARN_COMMA = YES;
				CLANG_WARN_CONSTANT_CONVERSION = YES;
				CLANG_WARN_DEPRECATED_OBJC_IMPLEMENTATIONS = YES;
				CLANG_WARN_DIRECT_OBJC_ISA_USAGE = YES_ERROR;
				CLANG_WARN_DOCUMENTATION_COMMENTS = YES;
				CLANG_WARN_EMPTY_BODY = YES;
				CLANG_WARN_ENUM_CONVERSION = YES;
				CLANG_WARN_INFINITE_RECURSION = YES;
				CLANG_WARN_INT_CONVERSION = YES;
				CLANG_WARN_NON_LITERAL_NULL_CONVERSION = YES;
				CLANG_WARN_OBJC_IMPLICIT_RETAIN_SELF = YES;
				CLANG_WARN_OBJC_LITERAL_CONVERSION = YES;
				CLANG_WARN_OBJC_ROOT_CLASS = YES_ERROR;
				CLANG_WARN_RANGE_LOOP_ANALYSIS = YES;
				CLANG_WARN_STRICT_PROTOTYPES = YES;
				CLANG_WARN_SUSPICIOUS_MOVE = YES;
				CLANG_WARN_UNGUARDED_AVAILABILITY = YES_AGGRESSIVE;
				CLANG_WARN_UNREACHABLE_CODE = YES;
				CLANG_WARN__DUPLICATE_METHOD_MATCH = YES;
				CODE_SIGN_IDENTITY = "iPhone Developer";
				COPY_PHASE_STRIP = NO;
				DEBUG_INFORMATION_FORMAT = "dwarf-with-dsym";
				ENABLE_NS_ASSERTIONS = NO;
				ENABLE_STRICT_OBJC_MSGSEND = YES;
				GCC_C_LANGUAGE_STANDARD = gnu11;
				GCC_NO_COMMON_BLOCKS = YES;
				GCC_WARN_64_TO_32_BIT_CONVERSION = YES;
				GCC_WARN_ABOUT_RETURN_TYPE = YES_ERROR;
				GCC_WARN_UNDECLARED_SELECTOR = YES;
				GCC_WARN_UNINITIALIZED_AUTOS = YES_AGGRESSIVE;
				GCC_WARN_UNUSED_FUNCTION = YES;
				GCC_WARN_UNUSED_VARIABLE = YES;
				IPHONEOS_DEPLOYMENT_TARGET = 12.1;
				MTL_ENABLE_DEBUG_INFO = NO;
				MTL_FAST_MATH = YES;
				SDKROOT = iphoneos;
				SWIFT_COMPILATION_MODE = wholemodule;
				SWIFT_OPTIMIZATION_LEVEL = "-O";
				VALIDATE_PRODUCT = YES;
			};
			name = Release;
		};
		DC30C83C229EB042003090AD /* Debug */ = {
			isa = XCBuildConfiguration;
			baseConfigurationReference = 2A7B6C6341D79C55C0C71D4D /* Pods-BitcoinPriceTracker.debug.xcconfig */;
			buildSettings = {
				ASSETCATALOG_COMPILER_APPICON_NAME = AppIcon;
				CODE_SIGN_STYLE = Automatic;
				DEVELOPMENT_TEAM = 3U65XWDNJT;
				INFOPLIST_FILE = BitcoinPriceTracker/Info.plist;
				LD_RUNPATH_SEARCH_PATHS = (
					"$(inherited)",
					"@executable_path/Frameworks",
				);
				PRODUCT_BUNDLE_IDENTIFIER = MarijaJaneckaite.BitcoinPriceTracker;
				PRODUCT_NAME = "$(TARGET_NAME)";
				SWIFT_VERSION = 4.2;
				TARGETED_DEVICE_FAMILY = "1,2";
			};
			name = Debug;
		};
		DC30C83D229EB042003090AD /* Release */ = {
			isa = XCBuildConfiguration;
			baseConfigurationReference = CF1863FD3DE207668837640E /* Pods-BitcoinPriceTracker.release.xcconfig */;
			buildSettings = {
				ASSETCATALOG_COMPILER_APPICON_NAME = AppIcon;
				CODE_SIGN_STYLE = Automatic;
				DEVELOPMENT_TEAM = 3U65XWDNJT;
				INFOPLIST_FILE = BitcoinPriceTracker/Info.plist;
				LD_RUNPATH_SEARCH_PATHS = (
					"$(inherited)",
					"@executable_path/Frameworks",
				);
				PRODUCT_BUNDLE_IDENTIFIER = MarijaJaneckaite.BitcoinPriceTracker;
				PRODUCT_NAME = "$(TARGET_NAME)";
				SWIFT_VERSION = 4.2;
				TARGETED_DEVICE_FAMILY = "1,2";
			};
			name = Release;
		};
/* End XCBuildConfiguration section */

/* Begin XCConfigurationList section */
		DC30C824229EB03F003090AD /* Build configuration list for PBXProject "BitcoinPriceTracker" */ = {
			isa = XCConfigurationList;
			buildConfigurations = (
				DC30C839229EB042003090AD /* Debug */,
				DC30C83A229EB042003090AD /* Release */,
			);
			defaultConfigurationIsVisible = 0;
			defaultConfigurationName = Release;
		};
		DC30C83B229EB042003090AD /* Build configuration list for PBXNativeTarget "BitcoinPriceTracker" */ = {
			isa = XCConfigurationList;
			buildConfigurations = (
				DC30C83C229EB042003090AD /* Debug */,
				DC30C83D229EB042003090AD /* Release */,
			);
			defaultConfigurationIsVisible = 0;
			defaultConfigurationName = Release;
		};
/* End XCConfigurationList section */
	};
	rootObject = DC30C821229EB03F003090AD /* Project object */;
}
